// !$*UTF8*$!
{
	archiveVersion = 1;
	classes = {
	};
	objectVersion = 55;
	objects = {

/* Begin PBXBuildFile section */
		C405F65A288D4466008D696C /* NetflixCloneApp.swift in Sources */ = {isa = PBXBuildFile; fileRef = C405F659288D4466008D696C /* NetflixCloneApp.swift */; };
		C405F65C288D4466008D696C /* ContentView.swift in Sources */ = {isa = PBXBuildFile; fileRef = C405F65B288D4466008D696C /* ContentView.swift */; };
		C405F65E288D4467008D696C /* Assets.xcassets in Resources */ = {isa = PBXBuildFile; fileRef = C405F65D288D4467008D696C /* Assets.xcassets */; };
		C405F661288D4467008D696C /* Preview Assets.xcassets in Resources */ = {isa = PBXBuildFile; fileRef = C405F660288D4467008D696C /* Preview Assets.xcassets */; };
		C405F66B288D4467008D696C /* NetflixCloneTests.swift in Sources */ = {isa = PBXBuildFile; fileRef = C405F66A288D4467008D696C /* NetflixCloneTests.swift */; };
		C405F675288D4467008D696C /* NetflixCloneUITests.swift in Sources */ = {isa = PBXBuildFile; fileRef = C405F674288D4467008D696C /* NetflixCloneUITests.swift */; };
		C405F677288D4467008D696C /* NetflixCloneUITestsLaunchTests.swift in Sources */ = {isa = PBXBuildFile; fileRef = C405F676288D4467008D696C /* NetflixCloneUITestsLaunchTests.swift */; };
		C405F684288D4613008D696C /* HomeView.swift in Sources */ = {isa = PBXBuildFile; fileRef = C405F683288D4613008D696C /* HomeView.swift */; };
		C40D76BF288D4DDC00691899 /* Kingfisher in Frameworks */ = {isa = PBXBuildFile; productRef = C40D76BE288D4DDC00691899 /* Kingfisher */; };
		C40D76C2288D4F7900691899 /* Movie.swift in Sources */ = {isa = PBXBuildFile; fileRef = C40D76C1288D4F7900691899 /* Movie.swift */; };
		C40D76C4288D500300691899 /* StandardHomeMovie.swift in Sources */ = {isa = PBXBuildFile; fileRef = C40D76C3288D500300691899 /* StandardHomeMovie.swift */; };
		C40D76C6288D508C00691899 /* GlobalHelpers.swift in Sources */ = {isa = PBXBuildFile; fileRef = C40D76C5288D508C00691899 /* GlobalHelpers.swift */; };
		C40D76C8288D52DF00691899 /* HomeVM.swift in Sources */ = {isa = PBXBuildFile; fileRef = C40D76C7288D52DF00691899 /* HomeVM.swift */; };
		C47A9435288E648600A6DC18 /* TopMoviePreview.swift in Sources */ = {isa = PBXBuildFile; fileRef = C47A9434288E648600A6DC18 /* TopMoviePreview.swift */; };
		C47A9438288E737900A6DC18 /* SmallVerticalButton.swift in Sources */ = {isa = PBXBuildFile; fileRef = C47A9437288E737900A6DC18 /* SmallVerticalButton.swift */; };
		C47A943C288E7C1900A6DC18 /* WhiteButton.swift in Sources */ = {isa = PBXBuildFile; fileRef = C47A943B288E7C1900A6DC18 /* WhiteButton.swift */; };
		C4B06418289142C9003C8D53 /* MovieDetail.swift in Sources */ = {isa = PBXBuildFile; fileRef = C4B06417289142C9003C8D53 /* MovieDetail.swift */; };
/* End PBXBuildFile section */

/* Begin PBXContainerItemProxy section */
		C405F667288D4467008D696C /* PBXContainerItemProxy */ = {
			isa = PBXContainerItemProxy;
			containerPortal = C405F64E288D4466008D696C /* Project object */;
			proxyType = 1;
			remoteGlobalIDString = C405F655288D4466008D696C;
			remoteInfo = NetflixClone;
		};
		C405F671288D4467008D696C /* PBXContainerItemProxy */ = {
			isa = PBXContainerItemProxy;
			containerPortal = C405F64E288D4466008D696C /* Project object */;
			proxyType = 1;
			remoteGlobalIDString = C405F655288D4466008D696C;
			remoteInfo = NetflixClone;
		};
/* End PBXContainerItemProxy section */

/* Begin PBXFileReference section */
		C405F656288D4466008D696C /* NetflixClone.app */ = {isa = PBXFileReference; explicitFileType = wrapper.application; includeInIndex = 0; path = NetflixClone.app; sourceTree = BUILT_PRODUCTS_DIR; };
		C405F659288D4466008D696C /* NetflixCloneApp.swift */ = {isa = PBXFileReference; lastKnownFileType = sourcecode.swift; path = NetflixCloneApp.swift; sourceTree = "<group>"; };
		C405F65B288D4466008D696C /* ContentView.swift */ = {isa = PBXFileReference; lastKnownFileType = sourcecode.swift; path = ContentView.swift; sourceTree = "<group>"; };
		C405F65D288D4467008D696C /* Assets.xcassets */ = {isa = PBXFileReference; lastKnownFileType = folder.assetcatalog; path = Assets.xcassets; sourceTree = "<group>"; };
		C405F660288D4467008D696C /* Preview Assets.xcassets */ = {isa = PBXFileReference; lastKnownFileType = folder.assetcatalog; path = "Preview Assets.xcassets"; sourceTree = "<group>"; };
		C405F666288D4467008D696C /* NetflixCloneTests.xctest */ = {isa = PBXFileReference; explicitFileType = wrapper.cfbundle; includeInIndex = 0; path = NetflixCloneTests.xctest; sourceTree = BUILT_PRODUCTS_DIR; };
		C405F66A288D4467008D696C /* NetflixCloneTests.swift */ = {isa = PBXFileReference; lastKnownFileType = sourcecode.swift; path = NetflixCloneTests.swift; sourceTree = "<group>"; };
		C405F670288D4467008D696C /* NetflixCloneUITests.xctest */ = {isa = PBXFileReference; explicitFileType = wrapper.cfbundle; includeInIndex = 0; path = NetflixCloneUITests.xctest; sourceTree = BUILT_PRODUCTS_DIR; };
		C405F674288D4467008D696C /* NetflixCloneUITests.swift */ = {isa = PBXFileReference; lastKnownFileType = sourcecode.swift; path = NetflixCloneUITests.swift; sourceTree = "<group>"; };
		C405F676288D4467008D696C /* NetflixCloneUITestsLaunchTests.swift */ = {isa = PBXFileReference; lastKnownFileType = sourcecode.swift; path = NetflixCloneUITestsLaunchTests.swift; sourceTree = "<group>"; };
		C405F683288D4613008D696C /* HomeView.swift */ = {isa = PBXFileReference; lastKnownFileType = sourcecode.swift; path = HomeView.swift; sourceTree = "<group>"; };
		C40D76C1288D4F7900691899 /* Movie.swift */ = {isa = PBXFileReference; lastKnownFileType = sourcecode.swift; path = Movie.swift; sourceTree = "<group>"; };
		C40D76C3288D500300691899 /* StandardHomeMovie.swift */ = {isa = PBXFileReference; lastKnownFileType = sourcecode.swift; path = StandardHomeMovie.swift; sourceTree = "<group>"; };
		C40D76C5288D508C00691899 /* GlobalHelpers.swift */ = {isa = PBXFileReference; lastKnownFileType = sourcecode.swift; path = GlobalHelpers.swift; sourceTree = "<group>"; };
		C40D76C7288D52DF00691899 /* HomeVM.swift */ = {isa = PBXFileReference; lastKnownFileType = sourcecode.swift; path = HomeVM.swift; sourceTree = "<group>"; };
		C47A9434288E648600A6DC18 /* TopMoviePreview.swift */ = {isa = PBXFileReference; lastKnownFileType = sourcecode.swift; path = TopMoviePreview.swift; sourceTree = "<group>"; };
		C47A9437288E737900A6DC18 /* SmallVerticalButton.swift */ = {isa = PBXFileReference; lastKnownFileType = sourcecode.swift; path = SmallVerticalButton.swift; sourceTree = "<group>"; };
		C47A943B288E7C1900A6DC18 /* WhiteButton.swift */ = {isa = PBXFileReference; lastKnownFileType = sourcecode.swift; path = WhiteButton.swift; sourceTree = "<group>"; };
		C4B06417289142C9003C8D53 /* MovieDetail.swift */ = {isa = PBXFileReference; lastKnownFileType = sourcecode.swift; path = MovieDetail.swift; sourceTree = "<group>"; };
/* End PBXFileReference section */

/* Begin PBXFrameworksBuildPhase section */
		C405F653288D4466008D696C /* Frameworks */ = {
			isa = PBXFrameworksBuildPhase;
			buildActionMask = 2147483647;
			files = (
				C40D76BF288D4DDC00691899 /* Kingfisher in Frameworks */,
			);
			runOnlyForDeploymentPostprocessing = 0;
		};
		C405F663288D4467008D696C /* Frameworks */ = {
			isa = PBXFrameworksBuildPhase;
			buildActionMask = 2147483647;
			files = (
			);
			runOnlyForDeploymentPostprocessing = 0;
		};
		C405F66D288D4467008D696C /* Frameworks */ = {
			isa = PBXFrameworksBuildPhase;
			buildActionMask = 2147483647;
			files = (
			);
			runOnlyForDeploymentPostprocessing = 0;
		};
/* End PBXFrameworksBuildPhase section */

/* Begin PBXGroup section */
		C405F64D288D4466008D696C = {
			isa = PBXGroup;
			children = (
				C405F658288D4466008D696C /* NetflixClone */,
				C405F669288D4467008D696C /* NetflixCloneTests */,
				C405F673288D4467008D696C /* NetflixCloneUITests */,
				C405F657288D4466008D696C /* Products */,
			);
			sourceTree = "<group>";
		};
		C405F657288D4466008D696C /* Products */ = {
			isa = PBXGroup;
			children = (
				C405F656288D4466008D696C /* NetflixClone.app */,
				C405F666288D4467008D696C /* NetflixCloneTests.xctest */,
				C405F670288D4467008D696C /* NetflixCloneUITests.xctest */,
			);
			name = Products;
			sourceTree = "<group>";
		};
		C405F658288D4466008D696C /* NetflixClone */ = {
			isa = PBXGroup;
			children = (
				C405F659288D4466008D696C /* NetflixCloneApp.swift */,
				C405F65B288D4466008D696C /* ContentView.swift */,
				C405F65D288D4467008D696C /* Assets.xcassets */,
				C405F685288D461D008D696C /* iOS */,
				C405F65F288D4467008D696C /* Preview Content */,
			);
			path = NetflixClone;
			sourceTree = "<group>";
		};
		C405F65F288D4467008D696C /* Preview Content */ = {
			isa = PBXGroup;
			children = (
				C405F660288D4467008D696C /* Preview Assets.xcassets */,
			);
			path = "Preview Content";
			sourceTree = "<group>";
		};
		C405F669288D4467008D696C /* NetflixCloneTests */ = {
			isa = PBXGroup;
			children = (
				C405F66A288D4467008D696C /* NetflixCloneTests.swift */,
			);
			path = NetflixCloneTests;
			sourceTree = "<group>";
		};
		C405F673288D4467008D696C /* NetflixCloneUITests */ = {
			isa = PBXGroup;
			children = (
				C405F674288D4467008D696C /* NetflixCloneUITests.swift */,
				C405F676288D4467008D696C /* NetflixCloneUITestsLaunchTests.swift */,
			);
			path = NetflixCloneUITests;
			sourceTree = "<group>";
		};
		C405F685288D461D008D696C /* iOS */ = {
			isa = PBXGroup;
			children = (
				C405F683288D4613008D696C /* HomeView.swift */,
				C40D76C7288D52DF00691899 /* HomeVM.swift */,
				C47A9434288E648600A6DC18 /* TopMoviePreview.swift */,
				C40D76C1288D4F7900691899 /* Movie.swift */,
				C40D76C3288D500300691899 /* StandardHomeMovie.swift */,
				C40D76C5288D508C00691899 /* GlobalHelpers.swift */,
				C47A9437288E737900A6DC18 /* SmallVerticalButton.swift */,
				C47A943B288E7C1900A6DC18 /* WhiteButton.swift */,
				C4B06417289142C9003C8D53 /* MovieDetail.swift */,
			);
			path = iOS;
			sourceTree = "<group>";
		};
/* End PBXGroup section */

/* Begin PBXNativeTarget section */
		C405F655288D4466008D696C /* NetflixClone */ = {
			isa = PBXNativeTarget;
			buildConfigurationList = C405F67A288D4467008D696C /* Build configuration list for PBXNativeTarget "NetflixClone" */;
			buildPhases = (
				C405F652288D4466008D696C /* Sources */,
				C405F653288D4466008D696C /* Frameworks */,
				C405F654288D4466008D696C /* Resources */,
			);
			buildRules = (
			);
			dependencies = (
			);
			name = NetflixClone;
			packageProductDependencies = (
				C40D76BE288D4DDC00691899 /* Kingfisher */,
			);
			productName = NetflixClone;
			productReference = C405F656288D4466008D696C /* NetflixClone.app */;
			productType = "com.apple.product-type.application";
		};
		C405F665288D4467008D696C /* NetflixCloneTests */ = {
			isa = PBXNativeTarget;
			buildConfigurationList = C405F67D288D4467008D696C /* Build configuration list for PBXNativeTarget "NetflixCloneTests" */;
			buildPhases = (
				C405F662288D4467008D696C /* Sources */,
				C405F663288D4467008D696C /* Frameworks */,
				C405F664288D4467008D696C /* Resources */,
			);
			buildRules = (
			);
			dependencies = (
				C405F668288D4467008D696C /* PBXTargetDependency */,
			);
			name = NetflixCloneTests;
			productName = NetflixCloneTests;
			productReference = C405F666288D4467008D696C /* NetflixCloneTests.xctest */;
			productType = "com.apple.product-type.bundle.unit-test";
		};
		C405F66F288D4467008D696C /* NetflixCloneUITests */ = {
			isa = PBXNativeTarget;
			buildConfigurationList = C405F680288D4467008D696C /* Build configuration list for PBXNativeTarget "NetflixCloneUITests" */;
			buildPhases = (
				C405F66C288D4467008D696C /* Sources */,
				C405F66D288D4467008D696C /* Frameworks */,
				C405F66E288D4467008D696C /* Resources */,
			);
			buildRules = (
			);
			dependencies = (
				C405F672288D4467008D696C /* PBXTargetDependency */,
			);
			name = NetflixCloneUITests;
			productName = NetflixCloneUITests;
			productReference = C405F670288D4467008D696C /* NetflixCloneUITests.xctest */;
			productType = "com.apple.product-type.bundle.ui-testing";
		};
/* End PBXNativeTarget section */

/* Begin PBXProject section */
		C405F64E288D4466008D696C /* Project object */ = {
			isa = PBXProject;
			attributes = {
				BuildIndependentTargetsInParallel = 1;
				LastSwiftUpdateCheck = 1340;
				LastUpgradeCheck = 1340;
				TargetAttributes = {
					C405F655288D4466008D696C = {
						CreatedOnToolsVersion = 13.4.1;
					};
					C405F665288D4467008D696C = {
						CreatedOnToolsVersion = 13.4.1;
						TestTargetID = C405F655288D4466008D696C;
					};
					C405F66F288D4467008D696C = {
						CreatedOnToolsVersion = 13.4.1;
						TestTargetID = C405F655288D4466008D696C;
					};
				};
			};
			buildConfigurationList = C405F651288D4466008D696C /* Build configuration list for PBXProject "NetflixClone" */;
			compatibilityVersion = "Xcode 13.0";
			developmentRegion = en;
			hasScannedForEncodings = 0;
			knownRegions = (
				en,
				Base,
			);
			mainGroup = C405F64D288D4466008D696C;
			packageReferences = (
				C40D76BD288D4DDC00691899 /* XCRemoteSwiftPackageReference "Kingfisher" */,
			);
			productRefGroup = C405F657288D4466008D696C /* Products */;
			projectDirPath = "";
			projectRoot = "";
			targets = (
				C405F655288D4466008D696C /* NetflixClone */,
				C405F665288D4467008D696C /* NetflixCloneTests */,
				C405F66F288D4467008D696C /* NetflixCloneUITests */,
			);
		};
/* End PBXProject section */

/* Begin PBXResourcesBuildPhase section */
		C405F654288D4466008D696C /* Resources */ = {
			isa = PBXResourcesBuildPhase;
			buildActionMask = 2147483647;
			files = (
				C405F661288D4467008D696C /* Preview Assets.xcassets in Resources */,
				C405F65E288D4467008D696C /* Assets.xcassets in Resources */,
			);
			runOnlyForDeploymentPostprocessing = 0;
		};
		C405F664288D4467008D696C /* Resources */ = {
			isa = PBXResourcesBuildPhase;
			buildActionMask = 2147483647;
			files = (
			);
			runOnlyForDeploymentPostprocessing = 0;
		};
		C405F66E288D4467008D696C /* Resources */ = {
			isa = PBXResourcesBuildPhase;
			buildActionMask = 2147483647;
			files = (
			);
			runOnlyForDeploymentPostprocessing = 0;
		};
/* End PBXResourcesBuildPhase section */

/* Begin PBXSourcesBuildPhase section */
		C405F652288D4466008D696C /* Sources */ = {
			isa = PBXSourcesBuildPhase;
			buildActionMask = 2147483647;
			files = (
				C40D76C6288D508C00691899 /* GlobalHelpers.swift in Sources */,
				C405F684288D4613008D696C /* HomeView.swift in Sources */,
				C40D76C8288D52DF00691899 /* HomeVM.swift in Sources */,
				C405F65C288D4466008D696C /* ContentView.swift in Sources */,
				C40D76C4288D500300691899 /* StandardHomeMovie.swift in Sources */,
				C47A9435288E648600A6DC18 /* TopMoviePreview.swift in Sources */,
				C40D76C2288D4F7900691899 /* Movie.swift in Sources */,
				C405F65A288D4466008D696C /* NetflixCloneApp.swift in Sources */,
				C47A9438288E737900A6DC18 /* SmallVerticalButton.swift in Sources */,
				C47A943C288E7C1900A6DC18 /* WhiteButton.swift in Sources */,
				C4B06418289142C9003C8D53 /* MovieDetail.swift in Sources */,
			);
			runOnlyForDeploymentPostprocessing = 0;
		};
		C405F662288D4467008D696C /* Sources */ = {
			isa = PBXSourcesBuildPhase;
			buildActionMask = 2147483647;
			files = (
				C405F66B288D4467008D696C /* NetflixCloneTests.swift in Sources */,
			);
			runOnlyForDeploymentPostprocessing = 0;
		};
		C405F66C288D4467008D696C /* Sources */ = {
			isa = PBXSourcesBuildPhase;
			buildActionMask = 2147483647;
			files = (
				C405F675288D4467008D696C /* NetflixCloneUITests.swift in Sources */,
				C405F677288D4467008D696C /* NetflixCloneUITestsLaunchTests.swift in Sources */,
			);
			runOnlyForDeploymentPostprocessing = 0;
		};
/* End PBXSourcesBuildPhase section */

/* Begin PBXTargetDependency section */
		C405F668288D4467008D696C /* PBXTargetDependency */ = {
			isa = PBXTargetDependency;
			target = C405F655288D4466008D696C /* NetflixClone */;
			targetProxy = C405F667288D4467008D696C /* PBXContainerItemProxy */;
		};
		C405F672288D4467008D696C /* PBXTargetDependency */ = {
			isa = PBXTargetDependency;
			target = C405F655288D4466008D696C /* NetflixClone */;
			targetProxy = C405F671288D4467008D696C /* PBXContainerItemProxy */;
		};
/* End PBXTargetDependency section */

/* Begin XCBuildConfiguration section */
		C405F678288D4467008D696C /* Debug */ = {
			isa = XCBuildConfiguration;
			buildSettings = {
				ALWAYS_SEARCH_USER_PATHS = NO;
				CLANG_ANALYZER_NONNULL = YES;
				CLANG_ANALYZER_NUMBER_OBJECT_CONVERSION = YES_AGGRESSIVE;
				CLANG_CXX_LANGUAGE_STANDARD = "gnu++17";
				CLANG_ENABLE_MODULES = YES;
				CLANG_ENABLE_OBJC_ARC = YES;
				CLANG_ENABLE_OBJC_WEAK = YES;
				CLANG_WARN_BLOCK_CAPTURE_AUTORELEASING = YES;
				CLANG_WARN_BOOL_CONVERSION = YES;
				CLANG_WARN_COMMA = YES;
				CLANG_WARN_CONSTANT_CONVERSION = YES;
				CLANG_WARN_DEPRECATED_OBJC_IMPLEMENTATIONS = YES;
				CLANG_WARN_DIRECT_OBJC_ISA_USAGE = YES_ERROR;
				CLANG_WARN_DOCUMENTATION_COMMENTS = YES;
				CLANG_WARN_EMPTY_BODY = YES;
				CLANG_WARN_ENUM_CONVERSION = YES;
				CLANG_WARN_INFINITE_RECURSION = YES;
				CLANG_WARN_INT_CONVERSION = YES;
				CLANG_WARN_NON_LITERAL_NULL_CONVERSION = YES;
				CLANG_WARN_OBJC_IMPLICIT_RETAIN_SELF = YES;
				CLANG_WARN_OBJC_LITERAL_CONVERSION = YES;
				CLANG_WARN_OBJC_ROOT_CLASS = YES_ERROR;
				CLANG_WARN_QUOTED_INCLUDE_IN_FRAMEWORK_HEADER = YES;
				CLANG_WARN_RANGE_LOOP_ANALYSIS = YES;
				CLANG_WARN_STRICT_PROTOTYPES = YES;
				CLANG_WARN_SUSPICIOUS_MOVE = YES;
				CLANG_WARN_UNGUARDED_AVAILABILITY = YES_AGGRESSIVE;
				CLANG_WARN_UNREACHABLE_CODE = YES;
				CLANG_WARN__DUPLICATE_METHOD_MATCH = YES;
				COPY_PHASE_STRIP = NO;
				DEBUG_INFORMATION_FORMAT = dwarf;
				ENABLE_STRICT_OBJC_MSGSEND = YES;
				ENABLE_TESTABILITY = YES;
				GCC_C_LANGUAGE_STANDARD = gnu11;
				GCC_DYNAMIC_NO_PIC = NO;
				GCC_NO_COMMON_BLOCKS = YES;
				GCC_OPTIMIZATION_LEVEL = 0;
				GCC_PREPROCESSOR_DEFINITIONS = (
					"DEBUG=1",
					"$(inherited)",
				);
				GCC_WARN_64_TO_32_BIT_CONVERSION = YES;
				GCC_WARN_ABOUT_RETURN_TYPE = YES_ERROR;
				GCC_WARN_UNDECLARED_SELECTOR = YES;
				GCC_WARN_UNINITIALIZED_AUTOS = YES_AGGRESSIVE;
				GCC_WARN_UNUSED_FUNCTION = YES;
				GCC_WARN_UNUSED_VARIABLE = YES;
				IPHONEOS_DEPLOYMENT_TARGET = 15.5;
				MTL_ENABLE_DEBUG_INFO = INCLUDE_SOURCE;
				MTL_FAST_MATH = YES;
				ONLY_ACTIVE_ARCH = YES;
				SDKROOT = iphoneos;
				SWIFT_ACTIVE_COMPILATION_CONDITIONS = DEBUG;
				SWIFT_OPTIMIZATION_LEVEL = "-Onone";
			};
			name = Debug;
		};
		C405F679288D4467008D696C /* Release */ = {
			isa = XCBuildConfiguration;
			buildSettings = {
				ALWAYS_SEARCH_USER_PATHS = NO;
				CLANG_ANALYZER_NONNULL = YES;
				CLANG_ANALYZER_NUMBER_OBJECT_CONVERSION = YES_AGGRESSIVE;
				CLANG_CXX_LANGUAGE_STANDARD = "gnu++17";
				CLANG_ENABLE_MODULES = YES;
				CLANG_ENABLE_OBJC_ARC = YES;
				CLANG_ENABLE_OBJC_WEAK = YES;
				CLANG_WARN_BLOCK_CAPTURE_AUTORELEASING = YES;
				CLANG_WARN_BOOL_CONVERSION = YES;
				CLANG_WARN_COMMA = YES;
				CLANG_WARN_CONSTANT_CONVERSION = YES;
				CLANG_WARN_DEPRECATED_OBJC_IMPLEMENTATIONS = YES;
				CLANG_WARN_DIRECT_OBJC_ISA_USAGE = YES_ERROR;
				CLANG_WARN_DOCUMENTATION_COMMENTS = YES;
				CLANG_WARN_EMPTY_BODY = YES;
				CLANG_WARN_ENUM_CONVERSION = YES;
				CLANG_WARN_INFINITE_RECURSION = YES;
				CLANG_WARN_INT_CONVERSION = YES;
				CLANG_WARN_NON_LITERAL_NULL_CONVERSION = YES;
				CLANG_WARN_OBJC_IMPLICIT_RETAIN_SELF = YES;
				CLANG_WARN_OBJC_LITERAL_CONVERSION = YES;
				CLANG_WARN_OBJC_ROOT_CLASS = YES_ERROR;
				CLANG_WARN_QUOTED_INCLUDE_IN_FRAMEWORK_HEADER = YES;
				CLANG_WARN_RANGE_LOOP_ANALYSIS = YES;
				CLANG_WARN_STRICT_PROTOTYPES = YES;
				CLANG_WARN_SUSPICIOUS_MOVE = YES;
				CLANG_WARN_UNGUARDED_AVAILABILITY = YES_AGGRESSIVE;
				CLANG_WARN_UNREACHABLE_CODE = YES;
				CLANG_WARN__DUPLICATE_METHOD_MATCH = YES;
				COPY_PHASE_STRIP = NO;
				DEBUG_INFORMATION_FORMAT = "dwarf-with-dsym";
				ENABLE_NS_ASSERTIONS = NO;
				ENABLE_STRICT_OBJC_MSGSEND = YES;
				GCC_C_LANGUAGE_STANDARD = gnu11;
				GCC_NO_COMMON_BLOCKS = YES;
				GCC_WARN_64_TO_32_BIT_CONVERSION = YES;
				GCC_WARN_ABOUT_RETURN_TYPE = YES_ERROR;
				GCC_WARN_UNDECLARED_SELECTOR = YES;
				GCC_WARN_UNINITIALIZED_AUTOS = YES_AGGRESSIVE;
				GCC_WARN_UNUSED_FUNCTION = YES;
				GCC_WARN_UNUSED_VARIABLE = YES;
				IPHONEOS_DEPLOYMENT_TARGET = 15.5;
				MTL_ENABLE_DEBUG_INFO = NO;
				MTL_FAST_MATH = YES;
				SDKROOT = iphoneos;
				SWIFT_COMPILATION_MODE = wholemodule;
				SWIFT_OPTIMIZATION_LEVEL = "-O";
				VALIDATE_PRODUCT = YES;
			};
			name = Release;
		};
		C405F67B288D4467008D696C /* Debug */ = {
			isa = XCBuildConfiguration;
			buildSettings = {
				ASSETCATALOG_COMPILER_APPICON_NAME = AppIcon;
				ASSETCATALOG_COMPILER_GLOBAL_ACCENT_COLOR_NAME = AccentColor;
				CODE_SIGN_STYLE = Automatic;
				CURRENT_PROJECT_VERSION = 1;
				DEVELOPMENT_ASSET_PATHS = "\"NetflixClone/Preview Content\"";
				DEVELOPMENT_TEAM = DU88KW67TH;
				ENABLE_PREVIEWS = YES;
				GENERATE_INFOPLIST_FILE = YES;
				INFOPLIST_KEY_UIApplicationSceneManifest_Generation = YES;
				INFOPLIST_KEY_UIApplicationSupportsIndirectInputEvents = YES;
				INFOPLIST_KEY_UILaunchScreen_Generation = YES;
				INFOPLIST_KEY_UISupportedInterfaceOrientations_iPad = "UIInterfaceOrientationPortrait UIInterfaceOrientationPortraitUpsideDown UIInterfaceOrientationLandscapeLeft UIInterfaceOrientationLandscapeRight";
				INFOPLIST_KEY_UISupportedInterfaceOrientations_iPhone = "UIInterfaceOrientationPortrait UIInterfaceOrientationLandscapeLeft UIInterfaceOrientationLandscapeRight";
				LD_RUNPATH_SEARCH_PATHS = (
					"$(inherited)",
					"@executable_path/Frameworks",
				);
				MARKETING_VERSION = 1.0;
				PRODUCT_BUNDLE_IDENTIFIER = com.choikihun.NetflixClone;
				PRODUCT_NAME = "$(TARGET_NAME)";
				SWIFT_EMIT_LOC_STRINGS = YES;
				SWIFT_VERSION = 5.0;
				TARGETED_DEVICE_FAMILY = 1;
			};
			name = Debug;
		};
		C405F67C288D4467008D696C /* Release */ = {
			isa = XCBuildConfiguration;
			buildSettings = {
				ASSETCATALOG_COMPILER_APPICON_NAME = AppIcon;
				ASSETCATALOG_COMPILER_GLOBAL_ACCENT_COLOR_NAME = AccentColor;
				CODE_SIGN_STYLE = Automatic;
				CURRENT_PROJECT_VERSION = 1;
				DEVELOPMENT_ASSET_PATHS = "\"NetflixClone/Preview Content\"";
				DEVELOPMENT_TEAM = DU88KW67TH;
				ENABLE_PREVIEWS = YES;
				GENERATE_INFOPLIST_FILE = YES;
				INFOPLIST_KEY_UIApplicationSceneManifest_Generation = YES;
				INFOPLIST_KEY_UIApplicationSupportsIndirectInputEvents = YES;
				INFOPLIST_KEY_UILaunchScreen_Generation = YES;
				INFOPLIST_KEY_UISupportedInterfaceOrientations_iPad = "UIInterfaceOrientationPortrait UIInterfaceOrientationPortraitUpsideDown UIInterfaceOrientationLandscapeLeft UIInterfaceOrientationLandscapeRight";
				INFOPLIST_KEY_UISupportedInterfaceOrientations_iPhone = "UIInterfaceOrientationPortrait UIInterfaceOrientationLandscapeLeft UIInterfaceOrientationLandscapeRight";
				LD_RUNPATH_SEARCH_PATHS = (
					"$(inherited)",
					"@executable_path/Frameworks",
				);
				MARKETING_VERSION = 1.0;
				PRODUCT_BUNDLE_IDENTIFIER = com.choikihun.NetflixClone;
				PRODUCT_NAME = "$(TARGET_NAME)";
				SWIFT_EMIT_LOC_STRINGS = YES;
				SWIFT_VERSION = 5.0;
				TARGETED_DEVICE_FAMILY = 1;
			};
			name = Release;
		};
		C405F67E288D4467008D696C /* Debug */ = {
			isa = XCBuildConfiguration;
			buildSettings = {
				ALWAYS_EMBED_SWIFT_STANDARD_LIBRARIES = YES;
				BUNDLE_LOADER = "$(TEST_HOST)";
				CODE_SIGN_STYLE = Automatic;
				CURRENT_PROJECT_VERSION = 1;
				DEVELOPMENT_TEAM = DU88KW67TH;
				GENERATE_INFOPLIST_FILE = YES;
				IPHONEOS_DEPLOYMENT_TARGET = 15.5;
				MARKETING_VERSION = 1.0;
				PRODUCT_BUNDLE_IDENTIFIER = com.choikihun.NetflixCloneTests;
				PRODUCT_NAME = "$(TARGET_NAME)";
				SWIFT_EMIT_LOC_STRINGS = NO;
				SWIFT_VERSION = 5.0;
				TARGETED_DEVICE_FAMILY = "1,2";
				TEST_HOST = "$(BUILT_PRODUCTS_DIR)/NetflixClone.app/NetflixClone";
			};
			name = Debug;
		};
		C405F67F288D4467008D696C /* Release */ = {
			isa = XCBuildConfiguration;
			buildSettings = {
				ALWAYS_EMBED_SWIFT_STANDARD_LIBRARIES = YES;
				BUNDLE_LOADER = "$(TEST_HOST)";
				CODE_SIGN_STYLE = Automatic;
				CURRENT_PROJECT_VERSION = 1;
				DEVELOPMENT_TEAM = DU88KW67TH;
				GENERATE_INFOPLIST_FILE = YES;
				IPHONEOS_DEPLOYMENT_TARGET = 15.5;
				MARKETING_VERSION = 1.0;
				PRODUCT_BUNDLE_IDENTIFIER = com.choikihun.NetflixCloneTests;
				PRODUCT_NAME = "$(TARGET_NAME)";
				SWIFT_EMIT_LOC_STRINGS = NO;
				SWIFT_VERSION = 5.0;
				TARGETED_DEVICE_FAMILY = "1,2";
				TEST_HOST = "$(BUILT_PRODUCTS_DIR)/NetflixClone.app/NetflixClone";
			};
			name = Release;
		};
		C405F681288D4467008D696C /* Debug */ = {
			isa = XCBuildConfiguration;
			buildSettings = {
				ALWAYS_EMBED_SWIFT_STANDARD_LIBRARIES = YES;
				CODE_SIGN_STYLE = Automatic;
				CURRENT_PROJECT_VERSION = 1;
				DEVELOPMENT_TEAM = DU88KW67TH;
				GENERATE_INFOPLIST_FILE = YES;
				MARKETING_VERSION = 1.0;
				PRODUCT_BUNDLE_IDENTIFIER = com.choikihun.NetflixCloneUITests;
				PRODUCT_NAME = "$(TARGET_NAME)";
				SWIFT_EMIT_LOC_STRINGS = NO;
				SWIFT_VERSION = 5.0;
				TARGETED_DEVICE_FAMILY = "1,2";
				TEST_TARGET_NAME = NetflixClone;
			};
			name = Debug;
		};
		C405F682288D4467008D696C /* Release */ = {
			isa = XCBuildConfiguration;
			buildSettings = {
				ALWAYS_EMBED_SWIFT_STANDARD_LIBRARIES = YES;
				CODE_SIGN_STYLE = Automatic;
				CURRENT_PROJECT_VERSION = 1;
				DEVELOPMENT_TEAM = DU88KW67TH;
				GENERATE_INFOPLIST_FILE = YES;
				MARKETING_VERSION = 1.0;
				PRODUCT_BUNDLE_IDENTIFIER = com.choikihun.NetflixCloneUITests;
				PRODUCT_NAME = "$(TARGET_NAME)";
				SWIFT_EMIT_LOC_STRINGS = NO;
				SWIFT_VERSION = 5.0;
				TARGETED_DEVICE_FAMILY = "1,2";
				TEST_TARGET_NAME = NetflixClone;
			};
			name = Release;
		};
/* End XCBuildConfiguration section */

/* Begin XCConfigurationList section */
		C405F651288D4466008D696C /* Build configuration list for PBXProject "NetflixClone" */ = {
			isa = XCConfigurationList;
			buildConfigurations = (
				C405F678288D4467008D696C /* Debug */,
				C405F679288D4467008D696C /* Release */,
			);
			defaultConfigurationIsVisible = 0;
			defaultConfigurationName = Release;
		};
		C405F67A288D4467008D696C /* Build configuration list for PBXNativeTarget "NetflixClone" */ = {
			isa = XCConfigurationList;
			buildConfigurations = (
				C405F67B288D4467008D696C /* Debug */,
				C405F67C288D4467008D696C /* Release */,
			);
			defaultConfigurationIsVisible = 0;
			defaultConfigurationName = Release;
		};
		C405F67D288D4467008D696C /* Build configuration list for PBXNativeTarget "NetflixCloneTests" */ = {
			isa = XCConfigurationList;
			buildConfigurations = (
				C405F67E288D4467008D696C /* Debug */,
				C405F67F288D4467008D696C /* Release */,
			);
			defaultConfigurationIsVisible = 0;
			defaultConfigurationName = Release;
		};
		C405F680288D4467008D696C /* Build configuration list for PBXNativeTarget "NetflixCloneUITests" */ = {
			isa = XCConfigurationList;
			buildConfigurations = (
				C405F681288D4467008D696C /* Debug */,
				C405F682288D4467008D696C /* Release */,
			);
			defaultConfigurationIsVisible = 0;
			defaultConfigurationName = Release;
		};
/* End XCConfigurationList section */

/* Begin XCRemoteSwiftPackageReference section */
		C40D76BD288D4DDC00691899 /* XCRemoteSwiftPackageReference "Kingfisher" */ = {
			isa = XCRemoteSwiftPackageReference;
			repositoryURL = "https://github.com/onevcat/Kingfisher";
			requirement = {
				kind = upToNextMajorVersion;
				minimumVersion = 7.0.0;
			};
		};
/* End XCRemoteSwiftPackageReference section */

/* Begin XCSwiftPackageProductDependency section */
		C40D76BE288D4DDC00691899 /* Kingfisher */ = {
			isa = XCSwiftPackageProductDependency;
			package = C40D76BD288D4DDC00691899 /* XCRemoteSwiftPackageReference "Kingfisher" */;
			productName = Kingfisher;
		};
/* End XCSwiftPackageProductDependency section */
	};
	rootObject = C405F64E288D4466008D696C /* Project object */;
}
